
Microsoft Visual Studio Solution File, Format Version 12.00
# Visual Studio Version 17
VisualStudioVersion = 17.6.33815.320
MinimumVisualStudioVersion = 10.0.40219.1
Project("{FAE04EC0-301F-11D3-BF4B-00C04F79EFBC}") = "eTickets", "eTickets\eTickets.csproj", "{90AE1A8A-754B-49A4-8A89-A4F4EB0B47AD}"
EndProject
Global
	GlobalSection(SolutionConfigurationPlatforms) = preSolution
		Debug|Any CPU = Debug|Any CPU
		Release|Any CPU = Release|Any CPU
	EndGlobalSection
	GlobalSection(ProjectConfigurationPlatforms) = postSolution
		{90AE1A8A-754B-49A4-8A89-A4F4EB0B47AD}.Debug|Any CPU.ActiveCfg = Debug|Any CPU
		{90AE1A8A-754B-49A4-8A89-A4F4EB0B47AD}.Debug|Any CPU.Build.0 = Debug|Any CPU
		{90AE1A8A-754B-49A4-8A89-A4F4EB0B47AD}.Release|Any CPU.ActiveCfg = Release|Any CPU
		{90AE1A8A-754B-49A4-8A89-A4F4EB0B47AD}.Release|Any CPU.Build.0 = Release|Any CPU
	EndGlobalSection
	GlobalSection(SolutionProperties) = preSolution
		HideSolutionNode = FALSE
	EndGlobalSection
	GlobalSection(ExtensibilityGlobals) = postSolution
		SolutionGuid = {7C3CCC8B-BE7A-44B4-A09A-EE70411C2B48}
	EndGlobalSection
EndGlobal
